
Microsoft Visual Studio Solution File, Format Version 12.00
# Visual Studio Version 17
VisualStudioVersion = 17.0.32014.148
MinimumVisualStudioVersion = 10.0.40219.1
Project("{2150E333-8FDC-42A3-9474-1A3956D46DE8}") = "src", "src", "{36C76389-32E6-45A0-8B1A-C4C1AD8BA252}"
EndProject
Project("{2150E333-8FDC-42A3-9474-1A3956D46DE8}") = "services", "services", "{AE5B4D4D-C065-4116-A929-CF104BB2A8B7}"
EndProject
Project("{2150E333-8FDC-42A3-9474-1A3956D46DE8}") = "person", "person", "{4BDAE194-C620-48E4-A919-04B621C42D13}"
EndProject
Project("{2150E333-8FDC-42A3-9474-1A3956D46DE8}") = "Domain", "Domain", "{9C8AD51C-0430-4A44-9C27-5993428ECF44}"
EndProject
Project("{2150E333-8FDC-42A3-9474-1A3956D46DE8}") = "Application", "Application", "{59F250C5-22ED-4552-8F43-B45251EC5AB8}"
EndProject
Project("{2150E333-8FDC-42A3-9474-1A3956D46DE8}") = "Infrastructure", "Infrastructure", "{07ED0539-9827-4D8B-8A89-2B834FE131BB}"
EndProject
Project("{2150E333-8FDC-42A3-9474-1A3956D46DE8}") = "Gateway", "Gateway", "{0B21CF73-1400-414B-9404-1E3250F568BE}"
EndProject
Project("{FAE04EC0-301F-11D3-BF4B-00C04F79EFBC}") = "Domain.Person", "src\services\person\Domain.Person\Domain.Person.csproj", "{EA65E238-B640-4BF9-9267-0851DC0AD581}"
EndProject
Project("{FAE04EC0-301F-11D3-BF4B-00C04F79EFBC}") = "Application.Person", "src\services\person\Application.Person\Application.Person.csproj", "{BD7D8C8D-B366-45CA-9570-D83730A3CA7D}"
EndProject
Project("{FAE04EC0-301F-11D3-BF4B-00C04F79EFBC}") = "Infrastructure.Person", "src\services\person\Infrastructure.Person\Infrastructure.Person.csproj", "{47D826BD-12EA-4079-B36E-05C9460AA944}"
EndProject
Project("{FAE04EC0-301F-11D3-BF4B-00C04F79EFBC}") = "Grpc.Person", "Grpc.Person\Grpc.Person.csproj", "{2CC5C38C-CA0C-4BC7-866F-39C7C08A5BDA}"
EndProject
Project("{2150E333-8FDC-42A3-9474-1A3956D46DE8}") = "client", "client", "{65D4871F-1CC7-4100-9E8B-B970C39466DC}"
EndProject
Project("{FAE04EC0-301F-11D3-BF4B-00C04F79EFBC}") = "ClientApp", "ClientApp\ClientApp.csproj", "{9D87DBE1-7ABC-489D-810F-0FF9C3503540}"
EndProject
Global
	GlobalSection(SolutionConfigurationPlatforms) = preSolution
		Debug|Any CPU = Debug|Any CPU
		Release|Any CPU = Release|Any CPU
	EndGlobalSection
	GlobalSection(ProjectConfigurationPlatforms) = postSolution
		{EA65E238-B640-4BF9-9267-0851DC0AD581}.Debug|Any CPU.ActiveCfg = Debug|Any CPU
		{EA65E238-B640-4BF9-9267-0851DC0AD581}.Debug|Any CPU.Build.0 = Debug|Any CPU
		{EA65E238-B640-4BF9-9267-0851DC0AD581}.Release|Any CPU.ActiveCfg = Release|Any CPU
		{EA65E238-B640-4BF9-9267-0851DC0AD581}.Release|Any CPU.Build.0 = Release|Any CPU
		{BD7D8C8D-B366-45CA-9570-D83730A3CA7D}.Debug|Any CPU.ActiveCfg = Debug|Any CPU
		{BD7D8C8D-B366-45CA-9570-D83730A3CA7D}.Debug|Any CPU.Build.0 = Debug|Any CPU
		{BD7D8C8D-B366-45CA-9570-D83730A3CA7D}.Release|Any CPU.ActiveCfg = Release|Any CPU
		{BD7D8C8D-B366-45CA-9570-D83730A3CA7D}.Release|Any CPU.Build.0 = Release|Any CPU
		{47D826BD-12EA-4079-B36E-05C9460AA944}.Debug|Any CPU.ActiveCfg = Debug|Any CPU
		{47D826BD-12EA-4079-B36E-05C9460AA944}.Debug|Any CPU.Build.0 = Debug|Any CPU
		{47D826BD-12EA-4079-B36E-05C9460AA944}.Release|Any CPU.ActiveCfg = Release|Any CPU
		{47D826BD-12EA-4079-B36E-05C9460AA944}.Release|Any CPU.Build.0 = Release|Any CPU
		{2CC5C38C-CA0C-4BC7-866F-39C7C08A5BDA}.Debug|Any CPU.ActiveCfg = Debug|Any CPU
		{2CC5C38C-CA0C-4BC7-866F-39C7C08A5BDA}.Debug|Any CPU.Build.0 = Debug|Any CPU
		{2CC5C38C-CA0C-4BC7-866F-39C7C08A5BDA}.Release|Any CPU.ActiveCfg = Release|Any CPU
		{2CC5C38C-CA0C-4BC7-866F-39C7C08A5BDA}.Release|Any CPU.Build.0 = Release|Any CPU
		{9D87DBE1-7ABC-489D-810F-0FF9C3503540}.Debug|Any CPU.ActiveCfg = Debug|Any CPU
		{9D87DBE1-7ABC-489D-810F-0FF9C3503540}.Debug|Any CPU.Build.0 = Debug|Any CPU
		{9D87DBE1-7ABC-489D-810F-0FF9C3503540}.Release|Any CPU.ActiveCfg = Release|Any CPU
		{9D87DBE1-7ABC-489D-810F-0FF9C3503540}.Release|Any CPU.Build.0 = Release|Any CPU
	EndGlobalSection
	GlobalSection(SolutionProperties) = preSolution
		HideSolutionNode = FALSE
	EndGlobalSection
	GlobalSection(NestedProjects) = preSolution
		{AE5B4D4D-C065-4116-A929-CF104BB2A8B7} = {36C76389-32E6-45A0-8B1A-C4C1AD8BA252}
		{4BDAE194-C620-48E4-A919-04B621C42D13} = {AE5B4D4D-C065-4116-A929-CF104BB2A8B7}
		{9C8AD51C-0430-4A44-9C27-5993428ECF44} = {4BDAE194-C620-48E4-A919-04B621C42D13}
		{59F250C5-22ED-4552-8F43-B45251EC5AB8} = {4BDAE194-C620-48E4-A919-04B621C42D13}
		{07ED0539-9827-4D8B-8A89-2B834FE131BB} = {4BDAE194-C620-48E4-A919-04B621C42D13}
		{0B21CF73-1400-414B-9404-1E3250F568BE} = {4BDAE194-C620-48E4-A919-04B621C42D13}
		{EA65E238-B640-4BF9-9267-0851DC0AD581} = {9C8AD51C-0430-4A44-9C27-5993428ECF44}
		{BD7D8C8D-B366-45CA-9570-D83730A3CA7D} = {59F250C5-22ED-4552-8F43-B45251EC5AB8}
		{47D826BD-12EA-4079-B36E-05C9460AA944} = {07ED0539-9827-4D8B-8A89-2B834FE131BB}
		{2CC5C38C-CA0C-4BC7-866F-39C7C08A5BDA} = {0B21CF73-1400-414B-9404-1E3250F568BE}
		{65D4871F-1CC7-4100-9E8B-B970C39466DC} = {AE5B4D4D-C065-4116-A929-CF104BB2A8B7}
		{9D87DBE1-7ABC-489D-810F-0FF9C3503540} = {65D4871F-1CC7-4100-9E8B-B970C39466DC}
	EndGlobalSection
	GlobalSection(ExtensibilityGlobals) = postSolution
		SolutionGuid = {EC9F3C74-220C-4B31-8E2C-E2201907FFE0}
	EndGlobalSection
EndGlobal
